
Microsoft Visual Studio Solution File, Format Version 12.00
# Visual Studio Version 16
VisualStudioVersion = 16.0.30320.27
MinimumVisualStudioVersion = 10.0.40219.1
Project("{FAE04EC0-301F-11D3-BF4B-00C04F79EFBC}") = "kalkulator", "kalkulator.csproj", "{7626F29E-C049-40A1-87BB-02D68D436708}"
EndProject
Global
	GlobalSection(SolutionConfigurationPlatforms) = preSolution
		Debug|Any CPU = Debug|Any CPU
		Release|Any CPU = Release|Any CPU
	EndGlobalSection
	GlobalSection(ProjectConfigurationPlatforms) = postSolution
		{7626F29E-C049-40A1-87BB-02D68D436708}.Debug|Any CPU.ActiveCfg = Debug|Any CPU
		{7626F29E-C049-40A1-87BB-02D68D436708}.Debug|Any CPU.Build.0 = Debug|Any CPU
		{7626F29E-C049-40A1-87BB-02D68D436708}.Release|Any CPU.ActiveCfg = Release|Any CPU
		{7626F29E-C049-40A1-87BB-02D68D436708}.Release|Any CPU.Build.0 = Release|Any CPU
	EndGlobalSection
	GlobalSection(SolutionProperties) = preSolution
		HideSolutionNode = FALSE
	EndGlobalSection
	GlobalSection(ExtensibilityGlobals) = postSolution
		SolutionGuid = {C769888C-AFE7-4BED-A783-CE29292BFAE1}
	EndGlobalSection
EndGlobal
